// !$*UTF8*$!
{
	archiveVersion = 1;
	classes = {
	};
	objectVersion = 50;
	objects = {

/* Begin PBXBuildFile section */
		7908FC4622C0807C00D047FC /* MCPopup.swift in Sources */ = {isa = PBXBuildFile; fileRef = 7908FC4522C0807C00D047FC /* MCPopup.swift */; };
		7936DFE322BB079700C11708 /* AppDelegate.swift in Sources */ = {isa = PBXBuildFile; fileRef = 7936DFE222BB079700C11708 /* AppDelegate.swift */; };
		7936DFEA22BB079C00C11708 /* Assets.xcassets in Resources */ = {isa = PBXBuildFile; fileRef = 7936DFE922BB079C00C11708 /* Assets.xcassets */; };
		7936DFED22BB079C00C11708 /* LaunchScreen.storyboard in Resources */ = {isa = PBXBuildFile; fileRef = 7936DFEB22BB079C00C11708 /* LaunchScreen.storyboard */; };
		7936DFF522BB0C7100C11708 /* MCNavigationController.swift in Sources */ = {isa = PBXBuildFile; fileRef = 7936DFF422BB0C7100C11708 /* MCNavigationController.swift */; };
		7936DFF722BB1BBD00C11708 /* MCProductsController.swift in Sources */ = {isa = PBXBuildFile; fileRef = 7936DFF622BB1BBD00C11708 /* MCProductsController.swift */; };
		7936DFF922BB1D6500C11708 /* MCCartController.swift in Sources */ = {isa = PBXBuildFile; fileRef = 7936DFF822BB1D6500C11708 /* MCCartController.swift */; };
		7936DFFB22BB207300C11708 /* MCButton.swift in Sources */ = {isa = PBXBuildFile; fileRef = 7936DFFA22BB207300C11708 /* MCButton.swift */; };
		7936DFFD22BB2BA800C11708 /* UIColor+theme.swift in Sources */ = {isa = PBXBuildFile; fileRef = 7936DFFC22BB2BA800C11708 /* UIColor+theme.swift */; };
		7987702D22C4698F00367574 /* IAPManager.swift in Sources */ = {isa = PBXBuildFile; fileRef = 7987702C22C4698F00367574 /* IAPManager.swift */; };
		79BBBE4422BC2C4600E36B58 /* MCProductCell.swift in Sources */ = {isa = PBXBuildFile; fileRef = 79BBBE4322BC2C4600E36B58 /* MCProductCell.swift */; };
		79BBBE4722BD9F4A00E36B58 /* MCProduct.swift in Sources */ = {isa = PBXBuildFile; fileRef = 79BBBE4622BD9F4A00E36B58 /* MCProduct.swift */; };
		79BBBE4922BECA0B00E36B58 /* MCCartCell.swift in Sources */ = {isa = PBXBuildFile; fileRef = 79BBBE4822BECA0B00E36B58 /* MCCartCell.swift */; };
/* End PBXBuildFile section */

/* Begin PBXFileReference section */
		7908FC4522C0807C00D047FC /* MCPopup.swift */ = {isa = PBXFileReference; lastKnownFileType = sourcecode.swift; path = MCPopup.swift; sourceTree = "<group>"; };
		7936DFDF22BB079700C11708 /* ecommerceIAP.app */ = {isa = PBXFileReference; explicitFileType = wrapper.application; includeInIndex = 0; path = ecommerceIAP.app; sourceTree = BUILT_PRODUCTS_DIR; };
		7936DFE222BB079700C11708 /* AppDelegate.swift */ = {isa = PBXFileReference; lastKnownFileType = sourcecode.swift; path = AppDelegate.swift; sourceTree = "<group>"; };
		7936DFE922BB079C00C11708 /* Assets.xcassets */ = {isa = PBXFileReference; lastKnownFileType = folder.assetcatalog; path = Assets.xcassets; sourceTree = "<group>"; };
		7936DFEC22BB079C00C11708 /* Base */ = {isa = PBXFileReference; lastKnownFileType = file.storyboard; name = Base; path = Base.lproj/LaunchScreen.storyboard; sourceTree = "<group>"; };
		7936DFEE22BB079C00C11708 /* Info.plist */ = {isa = PBXFileReference; lastKnownFileType = text.plist.xml; path = Info.plist; sourceTree = "<group>"; };
		7936DFF422BB0C7100C11708 /* MCNavigationController.swift */ = {isa = PBXFileReference; lastKnownFileType = sourcecode.swift; path = MCNavigationController.swift; sourceTree = "<group>"; };
		7936DFF622BB1BBD00C11708 /* MCProductsController.swift */ = {isa = PBXFileReference; lastKnownFileType = sourcecode.swift; path = MCProductsController.swift; sourceTree = "<group>"; };
		7936DFF822BB1D6500C11708 /* MCCartController.swift */ = {isa = PBXFileReference; lastKnownFileType = sourcecode.swift; path = MCCartController.swift; sourceTree = "<group>"; };
		7936DFFA22BB207300C11708 /* MCButton.swift */ = {isa = PBXFileReference; lastKnownFileType = sourcecode.swift; path = MCButton.swift; sourceTree = "<group>"; };
		7936DFFC22BB2BA800C11708 /* UIColor+theme.swift */ = {isa = PBXFileReference; lastKnownFileType = sourcecode.swift; path = "UIColor+theme.swift"; sourceTree = "<group>"; };
		7987702C22C4698F00367574 /* IAPManager.swift */ = {isa = PBXFileReference; lastKnownFileType = sourcecode.swift; path = IAPManager.swift; sourceTree = "<group>"; };
		79BBBE4322BC2C4600E36B58 /* MCProductCell.swift */ = {isa = PBXFileReference; lastKnownFileType = sourcecode.swift; path = MCProductCell.swift; sourceTree = "<group>"; };
		79BBBE4622BD9F4A00E36B58 /* MCProduct.swift */ = {isa = PBXFileReference; lastKnownFileType = sourcecode.swift; path = MCProduct.swift; sourceTree = "<group>"; };
		79BBBE4822BECA0B00E36B58 /* MCCartCell.swift */ = {isa = PBXFileReference; lastKnownFileType = sourcecode.swift; path = MCCartCell.swift; sourceTree = "<group>"; };
/* End PBXFileReference section */

/* Begin PBXFrameworksBuildPhase section */
		7936DFDC22BB079700C11708 /* Frameworks */ = {
			isa = PBXFrameworksBuildPhase;
			buildActionMask = 2147483647;
			files = (
			);
			runOnlyForDeploymentPostprocessing = 0;
		};
/* End PBXFrameworksBuildPhase section */

/* Begin PBXGroup section */
		7936DFD622BB079700C11708 = {
			isa = PBXGroup;
			children = (
				7936DFE122BB079700C11708 /* ecommerceIAP */,
				7936DFE022BB079700C11708 /* Products */,
			);
			sourceTree = "<group>";
		};
		7936DFE022BB079700C11708 /* Products */ = {
			isa = PBXGroup;
			children = (
				7936DFDF22BB079700C11708 /* ecommerceIAP.app */,
			);
			name = Products;
			sourceTree = "<group>";
		};
		7936DFE122BB079700C11708 /* ecommerceIAP */ = {
			isa = PBXGroup;
			children = (
				7936DFE222BB079700C11708 /* AppDelegate.swift */,
				7936DFE922BB079C00C11708 /* Assets.xcassets */,
				7936DFEB22BB079C00C11708 /* LaunchScreen.storyboard */,
				7936DFEE22BB079C00C11708 /* Info.plist */,
				79BBBE4522BD9F3800E36B58 /* Models */,
				79BBBE4222BC2C2C00E36B58 /* Views */,
				79BBBE3D22BC123600E36B58 /* Controllers */,
				79BBBE3E22BC124B00E36B58 /* Controls */,
				79BBBE3F22BC125400E36B58 /* Extension */,
				7987702C22C4698F00367574 /* IAPManager.swift */,
			);
			path = ecommerceIAP;
			sourceTree = "<group>";
		};
		79BBBE3D22BC123600E36B58 /* Controllers */ = {
			isa = PBXGroup;
			children = (
				7936DFF422BB0C7100C11708 /* MCNavigationController.swift */,
				7936DFF622BB1BBD00C11708 /* MCProductsController.swift */,
				7936DFF822BB1D6500C11708 /* MCCartController.swift */,
			);
			path = Controllers;
			sourceTree = "<group>";
		};
		79BBBE3E22BC124B00E36B58 /* Controls */ = {
			isa = PBXGroup;
			children = (
				7936DFFA22BB207300C11708 /* MCButton.swift */,
				7908FC4522C0807C00D047FC /* MCPopup.swift */,
			);
			path = Controls;
			sourceTree = "<group>";
		};
		79BBBE3F22BC125400E36B58 /* Extension */ = {
			isa = PBXGroup;
			children = (
				7936DFFC22BB2BA800C11708 /* UIColor+theme.swift */,
			);
			path = Extension;
			sourceTree = "<group>";
		};
		79BBBE4222BC2C2C00E36B58 /* Views */ = {
			isa = PBXGroup;
			children = (
				79BBBE4322BC2C4600E36B58 /* MCProductCell.swift */,
				79BBBE4822BECA0B00E36B58 /* MCCartCell.swift */,
			);
			path = Views;
			sourceTree = "<group>";
		};
		79BBBE4522BD9F3800E36B58 /* Models */ = {
			isa = PBXGroup;
			children = (
				79BBBE4622BD9F4A00E36B58 /* MCProduct.swift */,
			);
			path = Models;
			sourceTree = "<group>";
		};
/* End PBXGroup section */

/* Begin PBXNativeTarget section */
		7936DFDE22BB079700C11708 /* ecommerceIAP */ = {
			isa = PBXNativeTarget;
			buildConfigurationList = 7936DFF122BB079C00C11708 /* Build configuration list for PBXNativeTarget "ecommerceIAP" */;
			buildPhases = (
				7936DFDB22BB079700C11708 /* Sources */,
				7936DFDC22BB079700C11708 /* Frameworks */,
				7936DFDD22BB079700C11708 /* Resources */,
			);
			buildRules = (
			);
			dependencies = (
			);
			name = ecommerceIAP;
			productName = ecommerceIAP;
			productReference = 7936DFDF22BB079700C11708 /* ecommerceIAP.app */;
			productType = "com.apple.product-type.application";
		};
/* End PBXNativeTarget section */

/* Begin PBXProject section */
		7936DFD722BB079700C11708 /* Project object */ = {
			isa = PBXProject;
			attributes = {
				LastSwiftUpdateCheck = 1020;
				LastUpgradeCheck = 1020;
				ORGANIZATIONNAME = Maxcodes;
				TargetAttributes = {
					7936DFDE22BB079700C11708 = {
						CreatedOnToolsVersion = 10.2.1;
					};
				};
			};
			buildConfigurationList = 7936DFDA22BB079700C11708 /* Build configuration list for PBXProject "ecommerceIAP" */;
			compatibilityVersion = "Xcode 9.3";
			developmentRegion = en;
			hasScannedForEncodings = 0;
			knownRegions = (
				en,
				Base,
			);
			mainGroup = 7936DFD622BB079700C11708;
			productRefGroup = 7936DFE022BB079700C11708 /* Products */;
			projectDirPath = "";
			projectRoot = "";
			targets = (
				7936DFDE22BB079700C11708 /* ecommerceIAP */,
			);
		};
/* End PBXProject section */

/* Begin PBXResourcesBuildPhase section */
		7936DFDD22BB079700C11708 /* Resources */ = {
			isa = PBXResourcesBuildPhase;
			buildActionMask = 2147483647;
			files = (
				7936DFED22BB079C00C11708 /* LaunchScreen.storyboard in Resources */,
				7936DFEA22BB079C00C11708 /* Assets.xcassets in Resources */,
			);
			runOnlyForDeploymentPostprocessing = 0;
		};
/* End PBXResourcesBuildPhase section */

/* Begin PBXSourcesBuildPhase section */
		7936DFDB22BB079700C11708 /* Sources */ = {
			isa = PBXSourcesBuildPhase;
			buildActionMask = 2147483647;
			files = (
				7936DFFB22BB207300C11708 /* MCButton.swift in Sources */,
				79BBBE4422BC2C4600E36B58 /* MCProductCell.swift in Sources */,
				7908FC4622C0807C00D047FC /* MCPopup.swift in Sources */,
				7987702D22C4698F00367574 /* IAPManager.swift in Sources */,
				7936DFF522BB0C7100C11708 /* MCNavigationController.swift in Sources */,
				79BBBE4722BD9F4A00E36B58 /* MCProduct.swift in Sources */,
				7936DFF922BB1D6500C11708 /* MCCartController.swift in Sources */,
				7936DFFD22BB2BA800C11708 /* UIColor+theme.swift in Sources */,
				79BBBE4922BECA0B00E36B58 /* MCCartCell.swift in Sources */,
				7936DFE322BB079700C11708 /* AppDelegate.swift in Sources */,
				7936DFF722BB1BBD00C11708 /* MCProductsController.swift in Sources */,
			);
			runOnlyForDeploymentPostprocessing = 0;
		};
/* End PBXSourcesBuildPhase section */

/* Begin PBXVariantGroup section */
		7936DFEB22BB079C00C11708 /* LaunchScreen.storyboard */ = {
			isa = PBXVariantGroup;
			children = (
				7936DFEC22BB079C00C11708 /* Base */,
			);
			name = LaunchScreen.storyboard;
			sourceTree = "<group>";
		};
/* End PBXVariantGroup section */

/* Begin XCBuildConfiguration section */
		7936DFEF22BB079C00C11708 /* Debug */ = {
			isa = XCBuildConfiguration;
			buildSettings = {
				ALWAYS_SEARCH_USER_PATHS = NO;
				CLANG_ANALYZER_NONNULL = YES;
				CLANG_ANALYZER_NUMBER_OBJECT_CONVERSION = YES_AGGRESSIVE;
				CLANG_CXX_LANGUAGE_STANDARD = "gnu++14";
				CLANG_CXX_LIBRARY = "libc++";
				CLANG_ENABLE_MODULES = YES;
				CLANG_ENABLE_OBJC_ARC = YES;
				CLANG_ENABLE_OBJC_WEAK = YES;
				CLANG_WARN_BLOCK_CAPTURE_AUTORELEASING = YES;
				CLANG_WARN_BOOL_CONVERSION = YES;
				CLANG_WARN_COMMA = YES;
				CLANG_WARN_CONSTANT_CONVERSION = YES;
				CLANG_WARN_DEPRECATED_OBJC_IMPLEMENTATIONS = YES;
				CLANG_WARN_DIRECT_OBJC_ISA_USAGE = YES_ERROR;
				CLANG_WARN_DOCUMENTATION_COMMENTS = YES;
				CLANG_WARN_EMPTY_BODY = YES;
				CLANG_WARN_ENUM_CONVERSION = YES;
				CLANG_WARN_INFINITE_RECURSION = YES;
				CLANG_WARN_INT_CONVERSION = YES;
				CLANG_WARN_NON_LITERAL_NULL_CONVERSION = YES;
				CLANG_WARN_OBJC_IMPLICIT_RETAIN_SELF = YES;
				CLANG_WARN_OBJC_LITERAL_CONVERSION = YES;
				CLANG_WARN_OBJC_ROOT_CLASS = YES_ERROR;
				CLANG_WARN_RANGE_LOOP_ANALYSIS = YES;
				CLANG_WARN_STRICT_PROTOTYPES = YES;
				CLANG_WARN_SUSPICIOUS_MOVE = YES;
				CLANG_WARN_UNGUARDED_AVAILABILITY = YES_AGGRESSIVE;
				CLANG_WARN_UNREACHABLE_CODE = YES;
				CLANG_WARN__DUPLICATE_METHOD_MATCH = YES;
				CODE_SIGN_IDENTITY = "iPhone Developer";
				COPY_PHASE_STRIP = NO;
				DEBUG_INFORMATION_FORMAT = dwarf;
				ENABLE_STRICT_OBJC_MSGSEND = YES;
				ENABLE_TESTABILITY = YES;
				GCC_C_LANGUAGE_STANDARD = gnu11;
				GCC_DYNAMIC_NO_PIC = NO;
				GCC_NO_COMMON_BLOCKS = YES;
				GCC_OPTIMIZATION_LEVEL = 0;
				GCC_PREPROCESSOR_DEFINITIONS = (
					"DEBUG=1",
					"$(inherited)",
				);
				GCC_WARN_64_TO_32_BIT_CONVERSION = YES;
				GCC_WARN_ABOUT_RETURN_TYPE = YES_ERROR;
				GCC_WARN_UNDECLARED_SELECTOR = YES;
				GCC_WARN_UNINITIALIZED_AUTOS = YES_AGGRESSIVE;
				GCC_WARN_UNUSED_FUNCTION = YES;
				GCC_WARN_UNUSED_VARIABLE = YES;
				IPHONEOS_DEPLOYMENT_TARGET = 12.2;
				MTL_ENABLE_DEBUG_INFO = INCLUDE_SOURCE;
				MTL_FAST_MATH = YES;
				ONLY_ACTIVE_ARCH = YES;
				SDKROOT = iphoneos;
				SWIFT_ACTIVE_COMPILATION_CONDITIONS = DEBUG;
				SWIFT_OPTIMIZATION_LEVEL = "-Onone";
			};
			name = Debug;
		};
		7936DFF022BB079C00C11708 /* Release */ = {
			isa = XCBuildConfiguration;
			buildSettings = {
				ALWAYS_SEARCH_USER_PATHS = NO;
				CLANG_ANALYZER_NONNULL = YES;
				CLANG_ANALYZER_NUMBER_OBJECT_CONVERSION = YES_AGGRESSIVE;
				CLANG_CXX_LANGUAGE_STANDARD = "gnu++14";
				CLANG_CXX_LIBRARY = "libc++";
				CLANG_ENABLE_MODULES = YES;
				CLANG_ENABLE_OBJC_ARC = YES;
				CLANG_ENABLE_OBJC_WEAK = YES;
				CLANG_WARN_BLOCK_CAPTURE_AUTORELEASING = YES;
				CLANG_WARN_BOOL_CONVERSION = YES;
				CLANG_WARN_COMMA = YES;
				CLANG_WARN_CONSTANT_CONVERSION = YES;
				CLANG_WARN_DEPRECATED_OBJC_IMPLEMENTATIONS = YES;
				CLANG_WARN_DIRECT_OBJC_ISA_USAGE = YES_ERROR;
				CLANG_WARN_DOCUMENTATION_COMMENTS = YES;
				CLANG_WARN_EMPTY_BODY = YES;
				CLANG_WARN_ENUM_CONVERSION = YES;
				CLANG_WARN_INFINITE_RECURSION = YES;
				CLANG_WARN_INT_CONVERSION = YES;
				CLANG_WARN_NON_LITERAL_NULL_CONVERSION = YES;
				CLANG_WARN_OBJC_IMPLICIT_RETAIN_SELF = YES;
				CLANG_WARN_OBJC_LITERAL_CONVERSION = YES;
				CLANG_WARN_OBJC_ROOT_CLASS = YES_ERROR;
				CLANG_WARN_RANGE_LOOP_ANALYSIS = YES;
				CLANG_WARN_STRICT_PROTOTYPES = YES;
				CLANG_WARN_SUSPICIOUS_MOVE = YES;
				CLANG_WARN_UNGUARDED_AVAILABILITY = YES_AGGRESSIVE;
				CLANG_WARN_UNREACHABLE_CODE = YES;
				CLANG_WARN__DUPLICATE_METHOD_MATCH = YES;
				CODE_SIGN_IDENTITY = "iPhone Developer";
				COPY_PHASE_STRIP = NO;
				DEBUG_INFORMATION_FORMAT = "dwarf-with-dsym";
				ENABLE_NS_ASSERTIONS = NO;
				ENABLE_STRICT_OBJC_MSGSEND = YES;
				GCC_C_LANGUAGE_STANDARD = gnu11;
				GCC_NO_COMMON_BLOCKS = YES;
				GCC_WARN_64_TO_32_BIT_CONVERSION = YES;
				GCC_WARN_ABOUT_RETURN_TYPE = YES_ERROR;
				GCC_WARN_UNDECLARED_SELECTOR = YES;
				GCC_WARN_UNINITIALIZED_AUTOS = YES_AGGRESSIVE;
				GCC_WARN_UNUSED_FUNCTION = YES;
				GCC_WARN_UNUSED_VARIABLE = YES;
				IPHONEOS_DEPLOYMENT_TARGET = 12.2;
				MTL_ENABLE_DEBUG_INFO = NO;
				MTL_FAST_MATH = YES;
				SDKROOT = iphoneos;
				SWIFT_COMPILATION_MODE = wholemodule;
				SWIFT_OPTIMIZATION_LEVEL = "-O";
				VALIDATE_PRODUCT = YES;
			};
			name = Release;
		};
		7936DFF222BB079C00C11708 /* Debug */ = {
			isa = XCBuildConfiguration;
			buildSettings = {
				ASSETCATALOG_COMPILER_APPICON_NAME = AppIcon;
				CODE_SIGN_STYLE = Automatic;
				DEVELOPMENT_TEAM = VETRU2J3NX;
				INFOPLIST_FILE = ecommerceIAP/Info.plist;
				LD_RUNPATH_SEARCH_PATHS = (
					"$(inherited)",
					"@executable_path/Frameworks",
				);
				PRODUCT_BUNDLE_IDENTIFIER = com.maxcodes.ecommerceIAP;
				PRODUCT_NAME = "$(TARGET_NAME)";
				SWIFT_VERSION = 5.0;
				TARGETED_DEVICE_FAMILY = "1,2";
			};
			name = Debug;
		};
		7936DFF322BB079C00C11708 /* Release */ = {
			isa = XCBuildConfiguration;
			buildSettings = {
				ASSETCATALOG_COMPILER_APPICON_NAME = AppIcon;
				CODE_SIGN_STYLE = Automatic;
				DEVELOPMENT_TEAM = VETRU2J3NX;
				INFOPLIST_FILE = ecommerceIAP/Info.plist;
				LD_RUNPATH_SEARCH_PATHS = (
					"$(inherited)",
					"@executable_path/Frameworks",
				);
				PRODUCT_BUNDLE_IDENTIFIER = com.maxcodes.ecommerceIAP;
				PRODUCT_NAME = "$(TARGET_NAME)";
				SWIFT_VERSION = 5.0;
				TARGETED_DEVICE_FAMILY = "1,2";
			};
			name = Release;
		};
/* End XCBuildConfiguration section */

/* Begin XCConfigurationList section */
		7936DFDA22BB079700C11708 /* Build configuration list for PBXProject "ecommerceIAP" */ = {
			isa = XCConfigurationList;
			buildConfigurations = (
				7936DFEF22BB079C00C11708 /* Debug */,
				7936DFF022BB079C00C11708 /* Release */,
			);
			defaultConfigurationIsVisible = 0;
			defaultConfigurationName = Release;
		};
		7936DFF122BB079C00C11708 /* Build configuration list for PBXNativeTarget "ecommerceIAP" */ = {
			isa = XCConfigurationList;
			buildConfigurations = (
				7936DFF222BB079C00C11708 /* Debug */,
				7936DFF322BB079C00C11708 /* Release */,
			);
			defaultConfigurationIsVisible = 0;
			defaultConfigurationName = Release;
		};
/* End XCConfigurationList section */
	};
	rootObject = 7936DFD722BB079700C11708 /* Project object */;
}
